# This file is autogenerated, do not edit; changes may be undone by the next 'dep ensure'.


[[projects]]
  name = "github.com/ossrs/go-oryx-lib"
  packages = ["asprocess","errors","http","https","https/acme","https/crypto/ocsp","https/jose","https/jose/cipher","https/letsencrypt","https/net/context","https/time/rate","json","logger","options"]
  revision = "19afc33c9a6723d608b9d4711908bdfc37935c9e"
  version = "v0.0.3"

[solve-meta]
  analyzer-name = "dep"
  analyzer-version = 1
  inputs-digest = "3d4da884a6902f354af0a97afede8f65cbb0d476c831657e08f7920a4ca61348"
  solver-name = "gps-cdcl"
  solver-version = 1
